
Microsoft Visual Studio Solution File, Format Version 12.00
# Visual Studio Version 16
VisualStudioVersion = 16.0.32901.82
MinimumVisualStudioVersion = 10.0.40219.1
Project("{C9674DCB-5085-4A16-B785-4C70DD1589BD}") = "ETL-Homicidios-DataLake", "..\ETL-Homicidios-DataLake.dtproj", "{57DD9A9E-4F9C-4EF7-BE6A-F8FBB8DD7CDC}"
EndProject
Project("{C9674DCB-5085-4A16-B785-4C70DD1589BD}") = "ETL-Homicidios-DWH", "..\ETL-Homicidios-DWH\ETL-Homicidios-DWH.dtproj", "{44C0C1E7-8D02-44E3-A34D-BA54A2EF3B6F}"
EndProject
Global
	GlobalSection(SolutionConfigurationPlatforms) = preSolution
		Development|Default = Development|Default
	EndGlobalSection
	GlobalSection(ProjectConfigurationPlatforms) = postSolution
		{57DD9A9E-4F9C-4EF7-BE6A-F8FBB8DD7CDC}.Development|Default.ActiveCfg = Development
		{57DD9A9E-4F9C-4EF7-BE6A-F8FBB8DD7CDC}.Development|Default.Build.0 = Development
		{44C0C1E7-8D02-44E3-A34D-BA54A2EF3B6F}.Development|Default.ActiveCfg = Development
		{44C0C1E7-8D02-44E3-A34D-BA54A2EF3B6F}.Development|Default.Build.0 = Development
	EndGlobalSection
	GlobalSection(SolutionProperties) = preSolution
		HideSolutionNode = FALSE
	EndGlobalSection
	GlobalSection(ExtensibilityGlobals) = postSolution
		SolutionGuid = {65E8767F-888F-4CB7-BC24-EABB6ECE60B5}
	EndGlobalSection
EndGlobal
